
Microsoft Visual Studio Solution File, Format Version 12.00
# Visual Studio Version 16
VisualStudioVersion = 16.0.31205.134
MinimumVisualStudioVersion = 10.0.40219.1
Project("{FAE04EC0-301F-11D3-BF4B-00C04F79EFBC}") = "addressbook_tests_autoit", "tests\addressbook_tests_autoit.csproj", "{3627D5DC-8CCE-4FED-A413-9F500AF2974C}"
EndProject
Global
	GlobalSection(SolutionConfigurationPlatforms) = preSolution
		Debug|Any CPU = Debug|Any CPU
		Release|Any CPU = Release|Any CPU
	EndGlobalSection
	GlobalSection(ProjectConfigurationPlatforms) = postSolution
		{3627D5DC-8CCE-4FED-A413-9F500AF2974C}.Debug|Any CPU.ActiveCfg = Debug|Any CPU
		{3627D5DC-8CCE-4FED-A413-9F500AF2974C}.Debug|Any CPU.Build.0 = Debug|Any CPU
		{3627D5DC-8CCE-4FED-A413-9F500AF2974C}.Release|Any CPU.ActiveCfg = Release|Any CPU
		{3627D5DC-8CCE-4FED-A413-9F500AF2974C}.Release|Any CPU.Build.0 = Release|Any CPU
	EndGlobalSection
	GlobalSection(SolutionProperties) = preSolution
		HideSolutionNode = FALSE
	EndGlobalSection
	GlobalSection(ExtensibilityGlobals) = postSolution
		SolutionGuid = {4E510713-30B2-4DEE-8CD0-647392F71B5A}
	EndGlobalSection
EndGlobal
